
Microsoft Visual Studio Solution File, Format Version 12.00
# Visual Studio Version 17
VisualStudioVersion = 17.3.32929.385
MinimumVisualStudioVersion = 10.0.40219.1
Project("{FAE04EC0-301F-11D3-BF4B-00C04F79EFBC}") = "IvantiTaskSyncService", "IvantiTaskSyncService.csproj", "{C628A938-A5CB-4CF0-8478-8A18ECE1A943}"
EndProject
Global
	GlobalSection(SolutionConfigurationPlatforms) = preSolution
		Debug|Any CPU = Debug|Any CPU
		Release|Any CPU = Release|Any CPU
	EndGlobalSection
	GlobalSection(ProjectConfigurationPlatforms) = postSolution
		{C628A938-A5CB-4CF0-8478-8A18ECE1A943}.Debug|Any CPU.ActiveCfg = Debug|Any CPU
		{C628A938-A5CB-4CF0-8478-8A18ECE1A943}.Debug|Any CPU.Build.0 = Debug|Any CPU
		{C628A938-A5CB-4CF0-8478-8A18ECE1A943}.Release|Any CPU.ActiveCfg = Release|Any CPU
		{C628A938-A5CB-4CF0-8478-8A18ECE1A943}.Release|Any CPU.Build.0 = Release|Any CPU
	EndGlobalSection
	GlobalSection(SolutionProperties) = preSolution
		HideSolutionNode = FALSE
	EndGlobalSection
	GlobalSection(ExtensibilityGlobals) = postSolution
		SolutionGuid = {CD00994A-69BA-4D86-BA05-0D14CD2D5703}
	EndGlobalSection
EndGlobal
